// !$*UTF8*$!
{
	archiveVersion = 1;
	classes = {
	};
	objectVersion = 50;
	objects = {

/* Begin PBXBuildFile section */
		2E61B52D22763FAC0007C389 /* AppDelegate.swift in Sources */ = {isa = PBXBuildFile; fileRef = 2E61B52C22763FAC0007C389 /* AppDelegate.swift */; };
		2E61B52F22763FAC0007C389 /* ViewController.swift in Sources */ = {isa = PBXBuildFile; fileRef = 2E61B52E22763FAC0007C389 /* ViewController.swift */; };
		2E61B53222763FAC0007C389 /* Main.storyboard in Resources */ = {isa = PBXBuildFile; fileRef = 2E61B53022763FAC0007C389 /* Main.storyboard */; };
		2E61B53422763FAD0007C389 /* Assets.xcassets in Resources */ = {isa = PBXBuildFile; fileRef = 2E61B53322763FAD0007C389 /* Assets.xcassets */; };
		2E61B53722763FAD0007C389 /* LaunchScreen.storyboard in Resources */ = {isa = PBXBuildFile; fileRef = 2E61B53522763FAD0007C389 /* LaunchScreen.storyboard */; };
		2E61B53F2276428C0007C389 /* ActorTableViewCell.swift in Sources */ = {isa = PBXBuildFile; fileRef = 2E61B53E2276428C0007C389 /* ActorTableViewCell.swift */; };
		2E61B541227647D50007C389 /* Actor.swift in Sources */ = {isa = PBXBuildFile; fileRef = 2E61B540227647D50007C389 /* Actor.swift */; };
		2EBA2A2E228793EE009A3FFB /* BlogItem.swift in Sources */ = {isa = PBXBuildFile; fileRef = 2EBA2A2D228793EE009A3FFB /* BlogItem.swift */; };
/* End PBXBuildFile section */

/* Begin PBXFileReference section */
		2E61B52922763FAC0007C389 /* blogTableViewer.app */ = {isa = PBXFileReference; explicitFileType = wrapper.application; includeInIndex = 0; path = blogTableViewer.app; sourceTree = BUILT_PRODUCTS_DIR; };
		2E61B52C22763FAC0007C389 /* AppDelegate.swift */ = {isa = PBXFileReference; lastKnownFileType = sourcecode.swift; path = AppDelegate.swift; sourceTree = "<group>"; };
		2E61B52E22763FAC0007C389 /* ViewController.swift */ = {isa = PBXFileReference; lastKnownFileType = sourcecode.swift; path = ViewController.swift; sourceTree = "<group>"; };
		2E61B53122763FAC0007C389 /* Base */ = {isa = PBXFileReference; lastKnownFileType = file.storyboard; name = Base; path = Base.lproj/Main.storyboard; sourceTree = "<group>"; };
		2E61B53322763FAD0007C389 /* Assets.xcassets */ = {isa = PBXFileReference; lastKnownFileType = folder.assetcatalog; path = Assets.xcassets; sourceTree = "<group>"; };
		2E61B53622763FAD0007C389 /* Base */ = {isa = PBXFileReference; lastKnownFileType = file.storyboard; name = Base; path = Base.lproj/LaunchScreen.storyboard; sourceTree = "<group>"; };
		2E61B53822763FAD0007C389 /* Info.plist */ = {isa = PBXFileReference; lastKnownFileType = text.plist.xml; path = Info.plist; sourceTree = "<group>"; };
		2E61B53E2276428C0007C389 /* ActorTableViewCell.swift */ = {isa = PBXFileReference; lastKnownFileType = sourcecode.swift; path = ActorTableViewCell.swift; sourceTree = "<group>"; };
		2E61B540227647D50007C389 /* Actor.swift */ = {isa = PBXFileReference; lastKnownFileType = sourcecode.swift; path = Actor.swift; sourceTree = "<group>"; };
		2EBA2A2D228793EE009A3FFB /* BlogItem.swift */ = {isa = PBXFileReference; lastKnownFileType = sourcecode.swift; path = BlogItem.swift; sourceTree = "<group>"; };
/* End PBXFileReference section */

/* Begin PBXFrameworksBuildPhase section */
		2E61B52622763FAC0007C389 /* Frameworks */ = {
			isa = PBXFrameworksBuildPhase;
			buildActionMask = 2147483647;
			files = (
			);
			runOnlyForDeploymentPostprocessing = 0;
		};
/* End PBXFrameworksBuildPhase section */

/* Begin PBXGroup section */
		2E61B52022763FAC0007C389 = {
			isa = PBXGroup;
			children = (
				2E61B52B22763FAC0007C389 /* cjoTableViewer */,
				2E61B52A22763FAC0007C389 /* Products */,
			);
			sourceTree = "<group>";
		};
		2E61B52A22763FAC0007C389 /* Products */ = {
			isa = PBXGroup;
			children = (
				2E61B52922763FAC0007C389 /* blogTableViewer.app */,
			);
			name = Products;
			sourceTree = "<group>";
		};
		2E61B52B22763FAC0007C389 /* cjoTableViewer */ = {
			isa = PBXGroup;
			children = (
				2E61B53E2276428C0007C389 /* ActorTableViewCell.swift */,
				2E61B52C22763FAC0007C389 /* AppDelegate.swift */,
				2E61B52E22763FAC0007C389 /* ViewController.swift */,
				2E61B53022763FAC0007C389 /* Main.storyboard */,
				2E61B53322763FAD0007C389 /* Assets.xcassets */,
				2E61B53522763FAD0007C389 /* LaunchScreen.storyboard */,
				2E61B53822763FAD0007C389 /* Info.plist */,
				2E61B540227647D50007C389 /* Actor.swift */,
				2EBA2A2D228793EE009A3FFB /* BlogItem.swift */,
			);
			path = cjoTableViewer;
			sourceTree = "<group>";
		};
/* End PBXGroup section */

/* Begin PBXNativeTarget section */
		2E61B52822763FAC0007C389 /* blogTableViewer */ = {
			isa = PBXNativeTarget;
			buildConfigurationList = 2E61B53B22763FAD0007C389 /* Build configuration list for PBXNativeTarget "blogTableViewer" */;
			buildPhases = (
				2E61B52522763FAC0007C389 /* Sources */,
				2E61B52622763FAC0007C389 /* Frameworks */,
				2E61B52722763FAC0007C389 /* Resources */,
			);
			buildRules = (
			);
			dependencies = (
			);
			name = blogTableViewer;
			productName = cjoTableViewer;
			productReference = 2E61B52922763FAC0007C389 /* blogTableViewer.app */;
			productType = "com.apple.product-type.application";
		};
/* End PBXNativeTarget section */

/* Begin PBXProject section */
		2E61B52122763FAC0007C389 /* Project object */ = {
			isa = PBXProject;
			attributes = {
				LastSwiftUpdateCheck = 1020;
				LastUpgradeCheck = 1020;
				ORGANIZATIONNAME = OMJ;
				TargetAttributes = {
					2E61B52822763FAC0007C389 = {
						CreatedOnToolsVersion = 10.2.1;
					};
				};
			};
			buildConfigurationList = 2E61B52422763FAC0007C389 /* Build configuration list for PBXProject "blogTableViewer" */;
			compatibilityVersion = "Xcode 9.3";
			developmentRegion = en;
			hasScannedForEncodings = 0;
			knownRegions = (
				en,
				Base,
			);
			mainGroup = 2E61B52022763FAC0007C389;
			productRefGroup = 2E61B52A22763FAC0007C389 /* Products */;
			projectDirPath = "";
			projectRoot = "";
			targets = (
				2E61B52822763FAC0007C389 /* blogTableViewer */,
			);
		};
/* End PBXProject section */

/* Begin PBXResourcesBuildPhase section */
		2E61B52722763FAC0007C389 /* Resources */ = {
			isa = PBXResourcesBuildPhase;
			buildActionMask = 2147483647;
			files = (
				2E61B53722763FAD0007C389 /* LaunchScreen.storyboard in Resources */,
				2E61B53422763FAD0007C389 /* Assets.xcassets in Resources */,
				2E61B53222763FAC0007C389 /* Main.storyboard in Resources */,
			);
			runOnlyForDeploymentPostprocessing = 0;
		};
/* End PBXResourcesBuildPhase section */

/* Begin PBXSourcesBuildPhase section */
		2E61B52522763FAC0007C389 /* Sources */ = {
			isa = PBXSourcesBuildPhase;
			buildActionMask = 2147483647;
			files = (
				2EBA2A2E228793EE009A3FFB /* BlogItem.swift in Sources */,
				2E61B52F22763FAC0007C389 /* ViewController.swift in Sources */,
				2E61B53F2276428C0007C389 /* ActorTableViewCell.swift in Sources */,
				2E61B52D22763FAC0007C389 /* AppDelegate.swift in Sources */,
				2E61B541227647D50007C389 /* Actor.swift in Sources */,
			);
			runOnlyForDeploymentPostprocessing = 0;
		};
/* End PBXSourcesBuildPhase section */

/* Begin PBXVariantGroup section */
		2E61B53022763FAC0007C389 /* Main.storyboard */ = {
			isa = PBXVariantGroup;
			children = (
				2E61B53122763FAC0007C389 /* Base */,
			);
			name = Main.storyboard;
			sourceTree = "<group>";
		};
		2E61B53522763FAD0007C389 /* LaunchScreen.storyboard */ = {
			isa = PBXVariantGroup;
			children = (
				2E61B53622763FAD0007C389 /* Base */,
			);
			name = LaunchScreen.storyboard;
			sourceTree = "<group>";
		};
/* End PBXVariantGroup section */

/* Begin XCBuildConfiguration section */
		2E61B53922763FAD0007C389 /* Debug */ = {
			isa = XCBuildConfiguration;
			buildSettings = {
				ALWAYS_SEARCH_USER_PATHS = NO;
				CLANG_ANALYZER_NONNULL = YES;
				CLANG_ANALYZER_NUMBER_OBJECT_CONVERSION = YES_AGGRESSIVE;
				CLANG_CXX_LANGUAGE_STANDARD = "gnu++14";
				CLANG_CXX_LIBRARY = "libc++";
				CLANG_ENABLE_MODULES = YES;
				CLANG_ENABLE_OBJC_ARC = YES;
				CLANG_ENABLE_OBJC_WEAK = YES;
				CLANG_WARN_BLOCK_CAPTURE_AUTORELEASING = YES;
				CLANG_WARN_BOOL_CONVERSION = YES;
				CLANG_WARN_COMMA = YES;
				CLANG_WARN_CONSTANT_CONVERSION = YES;
				CLANG_WARN_DEPRECATED_OBJC_IMPLEMENTATIONS = YES;
				CLANG_WARN_DIRECT_OBJC_ISA_USAGE = YES_ERROR;
				CLANG_WARN_DOCUMENTATION_COMMENTS = YES;
				CLANG_WARN_EMPTY_BODY = YES;
				CLANG_WARN_ENUM_CONVERSION = YES;
				CLANG_WARN_INFINITE_RECURSION = YES;
				CLANG_WARN_INT_CONVERSION = YES;
				CLANG_WARN_NON_LITERAL_NULL_CONVERSION = YES;
				CLANG_WARN_OBJC_IMPLICIT_RETAIN_SELF = YES;
				CLANG_WARN_OBJC_LITERAL_CONVERSION = YES;
				CLANG_WARN_OBJC_ROOT_CLASS = YES_ERROR;
				CLANG_WARN_RANGE_LOOP_ANALYSIS = YES;
				CLANG_WARN_STRICT_PROTOTYPES = YES;
				CLANG_WARN_SUSPICIOUS_MOVE = YES;
				CLANG_WARN_UNGUARDED_AVAILABILITY = YES_AGGRESSIVE;
				CLANG_WARN_UNREACHABLE_CODE = YES;
				CLANG_WARN__DUPLICATE_METHOD_MATCH = YES;
				CODE_SIGN_IDENTITY = "iPhone Developer";
				COPY_PHASE_STRIP = NO;
				DEBUG_INFORMATION_FORMAT = dwarf;
				ENABLE_STRICT_OBJC_MSGSEND = YES;
				ENABLE_TESTABILITY = YES;
				GCC_C_LANGUAGE_STANDARD = gnu11;
				GCC_DYNAMIC_NO_PIC = NO;
				GCC_NO_COMMON_BLOCKS = YES;
				GCC_OPTIMIZATION_LEVEL = 0;
				GCC_PREPROCESSOR_DEFINITIONS = (
					"DEBUG=1",
					"$(inherited)",
				);
				GCC_WARN_64_TO_32_BIT_CONVERSION = YES;
				GCC_WARN_ABOUT_RETURN_TYPE = YES_ERROR;
				GCC_WARN_UNDECLARED_SELECTOR = YES;
				GCC_WARN_UNINITIALIZED_AUTOS = YES_AGGRESSIVE;
				GCC_WARN_UNUSED_FUNCTION = YES;
				GCC_WARN_UNUSED_VARIABLE = YES;
				IPHONEOS_DEPLOYMENT_TARGET = 12.2;
				MTL_ENABLE_DEBUG_INFO = INCLUDE_SOURCE;
				MTL_FAST_MATH = YES;
				ONLY_ACTIVE_ARCH = YES;
				SDKROOT = iphoneos;
				SWIFT_ACTIVE_COMPILATION_CONDITIONS = DEBUG;
				SWIFT_OPTIMIZATION_LEVEL = "-Onone";
			};
			name = Debug;
		};
		2E61B53A22763FAD0007C389 /* Release */ = {
			isa = XCBuildConfiguration;
			buildSettings = {
				ALWAYS_SEARCH_USER_PATHS = NO;
				CLANG_ANALYZER_NONNULL = YES;
				CLANG_ANALYZER_NUMBER_OBJECT_CONVERSION = YES_AGGRESSIVE;
				CLANG_CXX_LANGUAGE_STANDARD = "gnu++14";
				CLANG_CXX_LIBRARY = "libc++";
				CLANG_ENABLE_MODULES = YES;
				CLANG_ENABLE_OBJC_ARC = YES;
				CLANG_ENABLE_OBJC_WEAK = YES;
				CLANG_WARN_BLOCK_CAPTURE_AUTORELEASING = YES;
				CLANG_WARN_BOOL_CONVERSION = YES;
				CLANG_WARN_COMMA = YES;
				CLANG_WARN_CONSTANT_CONVERSION = YES;
				CLANG_WARN_DEPRECATED_OBJC_IMPLEMENTATIONS = YES;
				CLANG_WARN_DIRECT_OBJC_ISA_USAGE = YES_ERROR;
				CLANG_WARN_DOCUMENTATION_COMMENTS = YES;
				CLANG_WARN_EMPTY_BODY = YES;
				CLANG_WARN_ENUM_CONVERSION = YES;
				CLANG_WARN_INFINITE_RECURSION = YES;
				CLANG_WARN_INT_CONVERSION = YES;
				CLANG_WARN_NON_LITERAL_NULL_CONVERSION = YES;
				CLANG_WARN_OBJC_IMPLICIT_RETAIN_SELF = YES;
				CLANG_WARN_OBJC_LITERAL_CONVERSION = YES;
				CLANG_WARN_OBJC_ROOT_CLASS = YES_ERROR;
				CLANG_WARN_RANGE_LOOP_ANALYSIS = YES;
				CLANG_WARN_STRICT_PROTOTYPES = YES;
				CLANG_WARN_SUSPICIOUS_MOVE = YES;
				CLANG_WARN_UNGUARDED_AVAILABILITY = YES_AGGRESSIVE;
				CLANG_WARN_UNREACHABLE_CODE = YES;
				CLANG_WARN__DUPLICATE_METHOD_MATCH = YES;
				CODE_SIGN_IDENTITY = "iPhone Developer";
				COPY_PHASE_STRIP = NO;
				DEBUG_INFORMATION_FORMAT = "dwarf-with-dsym";
				ENABLE_NS_ASSERTIONS = NO;
				ENABLE_STRICT_OBJC_MSGSEND = YES;
				GCC_C_LANGUAGE_STANDARD = gnu11;
				GCC_NO_COMMON_BLOCKS = YES;
				GCC_WARN_64_TO_32_BIT_CONVERSION = YES;
				GCC_WARN_ABOUT_RETURN_TYPE = YES_ERROR;
				GCC_WARN_UNDECLARED_SELECTOR = YES;
				GCC_WARN_UNINITIALIZED_AUTOS = YES_AGGRESSIVE;
				GCC_WARN_UNUSED_FUNCTION = YES;
				GCC_WARN_UNUSED_VARIABLE = YES;
				IPHONEOS_DEPLOYMENT_TARGET = 12.2;
				MTL_ENABLE_DEBUG_INFO = NO;
				MTL_FAST_MATH = YES;
				SDKROOT = iphoneos;
				SWIFT_COMPILATION_MODE = wholemodule;
				SWIFT_OPTIMIZATION_LEVEL = "-O";
				VALIDATE_PRODUCT = YES;
			};
			name = Release;
		};
		2E61B53C22763FAD0007C389 /* Debug */ = {
			isa = XCBuildConfiguration;
			buildSettings = {
				ASSETCATALOG_COMPILER_APPICON_NAME = AppIcon;
				CODE_SIGN_STYLE = Automatic;
				DEVELOPMENT_TEAM = YN3X9T6J4W;
				INFOPLIST_FILE = cjoTableViewer/Info.plist;
				LD_RUNPATH_SEARCH_PATHS = (
					"$(inherited)",
					"@executable_path/Frameworks",
				);
				PRODUCT_BUNDLE_IDENTIFIER = com.OMJ.blogTableViewer;
				PRODUCT_NAME = "$(TARGET_NAME)";
				SWIFT_VERSION = 5.0;
				TARGETED_DEVICE_FAMILY = "1,2";
			};
			name = Debug;
		};
		2E61B53D22763FAD0007C389 /* Release */ = {
			isa = XCBuildConfiguration;
			buildSettings = {
				ASSETCATALOG_COMPILER_APPICON_NAME = AppIcon;
				CODE_SIGN_STYLE = Automatic;
				DEVELOPMENT_TEAM = YN3X9T6J4W;
				INFOPLIST_FILE = cjoTableViewer/Info.plist;
				LD_RUNPATH_SEARCH_PATHS = (
					"$(inherited)",
					"@executable_path/Frameworks",
				);
				PRODUCT_BUNDLE_IDENTIFIER = com.OMJ.blogTableViewer;
				PRODUCT_NAME = "$(TARGET_NAME)";
				SWIFT_VERSION = 5.0;
				TARGETED_DEVICE_FAMILY = "1,2";
			};
			name = Release;
		};
/* End XCBuildConfiguration section */

/* Begin XCConfigurationList section */
		2E61B52422763FAC0007C389 /* Build configuration list for PBXProject "blogTableViewer" */ = {
			isa = XCConfigurationList;
			buildConfigurations = (
				2E61B53922763FAD0007C389 /* Debug */,
				2E61B53A22763FAD0007C389 /* Release */,
			);
			defaultConfigurationIsVisible = 0;
			defaultConfigurationName = Release;
		};
		2E61B53B22763FAD0007C389 /* Build configuration list for PBXNativeTarget "blogTableViewer" */ = {
			isa = XCConfigurationList;
			buildConfigurations = (
				2E61B53C22763FAD0007C389 /* Debug */,
				2E61B53D22763FAD0007C389 /* Release */,
			);
			defaultConfigurationIsVisible = 0;
			defaultConfigurationName = Release;
		};
/* End XCConfigurationList section */
	};
	rootObject = 2E61B52122763FAC0007C389 /* Project object */;
}
